
Microsoft Visual Studio Solution File, Format Version 12.00
# Visual Studio Version 17
VisualStudioVersion = 17.0.31903.59
MinimumVisualStudioVersion = 10.0.40219.1
Project("{2150E333-8FDC-42A3-9474-1A3956D46DE8}") = "src", "src", "{CDDB010C-7387-4B3E-AEF4-61FB2A8D4D64}"
EndProject
Project("{FAE04EC0-301F-11D3-BF4B-00C04F79EFBC}") = "Estudos-Primario", "src\Estudos-Primario\Estudos-Primario.csproj", "{5A962D99-4E6A-4C8F-B9B9-C4D74DA8A214}"
EndProject
Project("{2150E333-8FDC-42A3-9474-1A3956D46DE8}") = "tests", "tests", "{B560D8EC-ABBB-46A0-84FF-685B7CF1B4EA}"
EndProject
Project("{FAE04EC0-301F-11D3-BF4B-00C04F79EFBC}") = "Estudos-Primario.Tests", "tests\Estudos-Primario.Tests\Estudos-Primario.Tests.csproj", "{E5619C9E-8219-4C94-9EA8-9604D53D9576}"
EndProject
Global
	GlobalSection(SolutionConfigurationPlatforms) = preSolution
		Debug|Any CPU = Debug|Any CPU
		Release|Any CPU = Release|Any CPU
	EndGlobalSection
	GlobalSection(SolutionProperties) = preSolution
		HideSolutionNode = FALSE
	EndGlobalSection
	GlobalSection(ProjectConfigurationPlatforms) = postSolution
		{5A962D99-4E6A-4C8F-B9B9-C4D74DA8A214}.Debug|Any CPU.ActiveCfg = Debug|Any CPU
		{5A962D99-4E6A-4C8F-B9B9-C4D74DA8A214}.Debug|Any CPU.Build.0 = Debug|Any CPU
		{5A962D99-4E6A-4C8F-B9B9-C4D74DA8A214}.Release|Any CPU.ActiveCfg = Release|Any CPU
		{5A962D99-4E6A-4C8F-B9B9-C4D74DA8A214}.Release|Any CPU.Build.0 = Release|Any CPU
		{E5619C9E-8219-4C94-9EA8-9604D53D9576}.Debug|Any CPU.ActiveCfg = Debug|Any CPU
		{E5619C9E-8219-4C94-9EA8-9604D53D9576}.Debug|Any CPU.Build.0 = Debug|Any CPU
		{E5619C9E-8219-4C94-9EA8-9604D53D9576}.Release|Any CPU.ActiveCfg = Release|Any CPU
		{E5619C9E-8219-4C94-9EA8-9604D53D9576}.Release|Any CPU.Build.0 = Release|Any CPU
	EndGlobalSection
	GlobalSection(NestedProjects) = preSolution
		{5A962D99-4E6A-4C8F-B9B9-C4D74DA8A214} = {CDDB010C-7387-4B3E-AEF4-61FB2A8D4D64}
		{E5619C9E-8219-4C94-9EA8-9604D53D9576} = {B560D8EC-ABBB-46A0-84FF-685B7CF1B4EA}
	EndGlobalSection
EndGlobal
